
Microsoft Visual Studio Solution File, Format Version 12.00
# Visual Studio 15
Project("{FAE04EC0-301F-11D3-BF4B-00C04F79EFBC}") = "Assembly-CSharp", "Assembly-CSharp.csproj", "{3518D477-8145-2F57-BB3A-8B8B1C9E4A56}"
EndProject
Project("{FAE04EC0-301F-11D3-BF4B-00C04F79EFBC}") = "Assembly-CSharp-Editor", "Assembly-CSharp-Editor.csproj", "{79E547D7-6281-90E7-5BE4-02218FA1ED3E}"
EndProject
Global
	GlobalSection(SolutionConfigurationPlatforms) = preSolution
		Debug|Any CPU = Debug|Any CPU
		Release|Any CPU = Release|Any CPU
	EndGlobalSection
	GlobalSection(ProjectConfigurationPlatforms) = postSolution
		{3518D477-8145-2F57-BB3A-8B8B1C9E4A56}.Debug|Any CPU.ActiveCfg = Debug|Any CPU
		{3518D477-8145-2F57-BB3A-8B8B1C9E4A56}.Debug|Any CPU.Build.0 = Debug|Any CPU
		{3518D477-8145-2F57-BB3A-8B8B1C9E4A56}.Release|Any CPU.ActiveCfg = Release|Any CPU
		{3518D477-8145-2F57-BB3A-8B8B1C9E4A56}.Release|Any CPU.Build.0 = Release|Any CPU
		{79E547D7-6281-90E7-5BE4-02218FA1ED3E}.Debug|Any CPU.ActiveCfg = Debug|Any CPU
		{79E547D7-6281-90E7-5BE4-02218FA1ED3E}.Debug|Any CPU.Build.0 = Debug|Any CPU
		{79E547D7-6281-90E7-5BE4-02218FA1ED3E}.Release|Any CPU.ActiveCfg = Release|Any CPU
		{79E547D7-6281-90E7-5BE4-02218FA1ED3E}.Release|Any CPU.Build.0 = Release|Any CPU
	EndGlobalSection
	GlobalSection(SolutionProperties) = preSolution
		HideSolutionNode = FALSE
	EndGlobalSection
EndGlobal
